
Microsoft Visual Studio Solution File, Format Version 11.00
# Visual Studio 2010
Project("{FAE04EC0-301F-11D3-BF4B-00C04F79EFBC}") = "Assembly-CSharp", "Assembly-CSharp.csproj", "{12AB5D44-EFD4-D2D8-26F9-14FCFBA1251E}"
EndProject
Global
	GlobalSection(SolutionConfigurationPlatforms) = preSolution
		Debug|Any CPU = Debug|Any CPU
		Release|Any CPU = Release|Any CPU
	EndGlobalSection
	GlobalSection(ProjectConfigurationPlatforms) = postSolution
		{12AB5D44-EFD4-D2D8-26F9-14FCFBA1251E}.Debug|Any CPU.ActiveCfg = Debug|Any CPU
		{12AB5D44-EFD4-D2D8-26F9-14FCFBA1251E}.Debug|Any CPU.Build.0 = Debug|Any CPU
		{12AB5D44-EFD4-D2D8-26F9-14FCFBA1251E}.Release|Any CPU.ActiveCfg = Release|Any CPU
		{12AB5D44-EFD4-D2D8-26F9-14FCFBA1251E}.Release|Any CPU.Build.0 = Release|Any CPU
	EndGlobalSection
	GlobalSection(SolutionProperties) = preSolution
		HideSolutionNode = FALSE
	EndGlobalSection
EndGlobal
